
Microsoft Visual Studio Solution File, Format Version 12.00
# Visual Studio Version 17
VisualStudioVersion = 17.4.33122.133
MinimumVisualStudioVersion = 10.0.40219.1
Project("{FAE04EC0-301F-11D3-BF4B-00C04F79EFBC}") = "AngularAuthAPI", "AngularAuthAPI\AngularAuthAPI.csproj", "{A997B70F-0FE7-4C6C-8F45-96E0AEAD40C1}"
EndProject
Global
	GlobalSection(SolutionConfigurationPlatforms) = preSolution
		Debug|Any CPU = Debug|Any CPU
		Release|Any CPU = Release|Any CPU
	EndGlobalSection
	GlobalSection(ProjectConfigurationPlatforms) = postSolution
		{A997B70F-0FE7-4C6C-8F45-96E0AEAD40C1}.Debug|Any CPU.ActiveCfg = Debug|Any CPU
		{A997B70F-0FE7-4C6C-8F45-96E0AEAD40C1}.Debug|Any CPU.Build.0 = Debug|Any CPU
		{A997B70F-0FE7-4C6C-8F45-96E0AEAD40C1}.Release|Any CPU.ActiveCfg = Release|Any CPU
		{A997B70F-0FE7-4C6C-8F45-96E0AEAD40C1}.Release|Any CPU.Build.0 = Release|Any CPU
	EndGlobalSection
	GlobalSection(SolutionProperties) = preSolution
		HideSolutionNode = FALSE
	EndGlobalSection
	GlobalSection(ExtensibilityGlobals) = postSolution
		SolutionGuid = {0725B5E0-B14B-496F-82F8-8089E6DEE47C}
	EndGlobalSection
EndGlobal
